
Microsoft Visual Studio Solution File, Format Version 12.00
# Visual Studio Version 17
VisualStudioVersion = 17.14.36221.1
MinimumVisualStudioVersion = 10.0.40219.1
Project("{FAE04EC0-301F-11D3-BF4B-00C04F79EFBC}") = "LibraryApp.API", "LibraryApp.API\LibraryApp.API.csproj", "{6774673B-C965-420D-B04D-1DDBB9B27FB7}"
EndProject
Project("{FAE04EC0-301F-11D3-BF4B-00C04F79EFBC}") = "LibraryApp.Database", "LibraryApp.Database\LibraryApp.Database.csproj", "{427410ED-DA31-4771-AC6B-2CFDB69779B1}"
EndProject
Project("{FAE04EC0-301F-11D3-BF4B-00C04F79EFBC}") = "LibraryApp.Database.Migrations", "LibraryApp.Database.Migrations\LibraryApp.Database.Migrations.csproj", "{EEB58569-57B6-4B63-B66A-B629BBD35E93}"
EndProject
Project("{FAE04EC0-301F-11D3-BF4B-00C04F79EFBC}") = "LibraryApp.DataTransferObjects", "LibraryApp.DataTransferObjects\LibraryApp.DataTransferObjects.csproj", "{0EC9C643-75C2-4771-A075-DA8B2AF2761D}"
EndProject
Global
	GlobalSection(SolutionConfigurationPlatforms) = preSolution
		Debug|Any CPU = Debug|Any CPU
		Release|Any CPU = Release|Any CPU
	EndGlobalSection
	GlobalSection(ProjectConfigurationPlatforms) = postSolution
		{6774673B-C965-420D-B04D-1DDBB9B27FB7}.Debug|Any CPU.ActiveCfg = Debug|Any CPU
		{6774673B-C965-420D-B04D-1DDBB9B27FB7}.Debug|Any CPU.Build.0 = Debug|Any CPU
		{6774673B-C965-420D-B04D-1DDBB9B27FB7}.Release|Any CPU.ActiveCfg = Release|Any CPU
		{6774673B-C965-420D-B04D-1DDBB9B27FB7}.Release|Any CPU.Build.0 = Release|Any CPU
		{427410ED-DA31-4771-AC6B-2CFDB69779B1}.Debug|Any CPU.ActiveCfg = Debug|Any CPU
		{427410ED-DA31-4771-AC6B-2CFDB69779B1}.Debug|Any CPU.Build.0 = Debug|Any CPU
		{427410ED-DA31-4771-AC6B-2CFDB69779B1}.Release|Any CPU.ActiveCfg = Release|Any CPU
		{427410ED-DA31-4771-AC6B-2CFDB69779B1}.Release|Any CPU.Build.0 = Release|Any CPU
		{EEB58569-57B6-4B63-B66A-B629BBD35E93}.Debug|Any CPU.ActiveCfg = Debug|Any CPU
		{EEB58569-57B6-4B63-B66A-B629BBD35E93}.Debug|Any CPU.Build.0 = Debug|Any CPU
		{EEB58569-57B6-4B63-B66A-B629BBD35E93}.Release|Any CPU.ActiveCfg = Release|Any CPU
		{EEB58569-57B6-4B63-B66A-B629BBD35E93}.Release|Any CPU.Build.0 = Release|Any CPU
		{0EC9C643-75C2-4771-A075-DA8B2AF2761D}.Debug|Any CPU.ActiveCfg = Debug|Any CPU
		{0EC9C643-75C2-4771-A075-DA8B2AF2761D}.Debug|Any CPU.Build.0 = Debug|Any CPU
		{0EC9C643-75C2-4771-A075-DA8B2AF2761D}.Release|Any CPU.ActiveCfg = Release|Any CPU
		{0EC9C643-75C2-4771-A075-DA8B2AF2761D}.Release|Any CPU.Build.0 = Release|Any CPU
	EndGlobalSection
	GlobalSection(SolutionProperties) = preSolution
		HideSolutionNode = FALSE
	EndGlobalSection
	GlobalSection(ExtensibilityGlobals) = postSolution
		SolutionGuid = {F25904E9-2584-4E4F-B294-948747AAE03F}
	EndGlobalSection
EndGlobal
